
Microsoft Visual Studio Solution File, Format Version 12.00
# Visual Studio Version 16
VisualStudioVersion = 16.0.29306.81
MinimumVisualStudioVersion = 10.0.40219.1
Project("{FAE04EC0-301F-11D3-BF4B-00C04F79EFBC}") = "WCFService", "WCFService\WCFService.csproj", "{CC16567E-B6D5-4995-9D63-47A129C32D73}"
EndProject
Project("{FAE04EC0-301F-11D3-BF4B-00C04F79EFBC}") = "WCFServiceHost", "ServiceHost\WCFServiceHost.csproj", "{CDB51C10-00A4-48AA-B6DF-6D55A036A5D1}"
EndProject
Project("{FAE04EC0-301F-11D3-BF4B-00C04F79EFBC}") = "DB", "DB\DB.csproj", "{3EFAA3E1-6425-4F86-A4AC-49901715DC20}"
EndProject
Project("{2150E333-8FDC-42A3-9474-1A3956D46DE8}") = "SQLScripts", "SQLScripts", "{0A4DA137-9D45-4E17-981E-2573541FE96E}"
	ProjectSection(SolutionItems) = preProject
		..\SQLforWCF\create_table.sql = ..\SQLforWCF\create_table.sql
		..\SQLforWCF\exec_get_cheques_pack.sql = ..\SQLforWCF\exec_get_cheques_pack.sql
		..\SQLforWCF\exec_save_cheques.sql = ..\SQLforWCF\exec_save_cheques.sql
		..\SQLforWCF\get_cheques_pack.sql = ..\SQLforWCF\get_cheques_pack.sql
		..\SQLforWCF\save_cheques.sql = ..\SQLforWCF\save_cheques.sql
	EndProjectSection
EndProject
Global
	GlobalSection(SolutionConfigurationPlatforms) = preSolution
		Debug|Any CPU = Debug|Any CPU
		Release|Any CPU = Release|Any CPU
	EndGlobalSection
	GlobalSection(ProjectConfigurationPlatforms) = postSolution
		{CC16567E-B6D5-4995-9D63-47A129C32D73}.Debug|Any CPU.ActiveCfg = Debug|Any CPU
		{CC16567E-B6D5-4995-9D63-47A129C32D73}.Debug|Any CPU.Build.0 = Debug|Any CPU
		{CC16567E-B6D5-4995-9D63-47A129C32D73}.Release|Any CPU.ActiveCfg = Release|Any CPU
		{CC16567E-B6D5-4995-9D63-47A129C32D73}.Release|Any CPU.Build.0 = Release|Any CPU
		{CDB51C10-00A4-48AA-B6DF-6D55A036A5D1}.Debug|Any CPU.ActiveCfg = Debug|Any CPU
		{CDB51C10-00A4-48AA-B6DF-6D55A036A5D1}.Debug|Any CPU.Build.0 = Debug|Any CPU
		{CDB51C10-00A4-48AA-B6DF-6D55A036A5D1}.Release|Any CPU.ActiveCfg = Release|Any CPU
		{CDB51C10-00A4-48AA-B6DF-6D55A036A5D1}.Release|Any CPU.Build.0 = Release|Any CPU
		{3EFAA3E1-6425-4F86-A4AC-49901715DC20}.Debug|Any CPU.ActiveCfg = Debug|Any CPU
		{3EFAA3E1-6425-4F86-A4AC-49901715DC20}.Debug|Any CPU.Build.0 = Debug|Any CPU
		{3EFAA3E1-6425-4F86-A4AC-49901715DC20}.Release|Any CPU.ActiveCfg = Release|Any CPU
		{3EFAA3E1-6425-4F86-A4AC-49901715DC20}.Release|Any CPU.Build.0 = Release|Any CPU
	EndGlobalSection
	GlobalSection(SolutionProperties) = preSolution
		HideSolutionNode = FALSE
	EndGlobalSection
	GlobalSection(ExtensibilityGlobals) = postSolution
		SolutionGuid = {4ED42108-34A6-4CB2-A1E2-516B7FAA4720}
	EndGlobalSection
EndGlobal
